
Microsoft Visual Studio Solution File, Format Version 12.00
# Visual Studio Version 17
VisualStudioVersion = 17.11.35431.28
MinimumVisualStudioVersion = 10.0.40219.1
Project("{FAE04EC0-301F-11D3-BF4B-00C04F79EFBC}") = "SortingIntervals", "SortingIntervals\SortingIntervals.csproj", "{80FB4F65-B77D-4D23-9F72-60F344C318F9}"
EndProject
Global
	GlobalSection(SolutionConfigurationPlatforms) = preSolution
		Debug|Any CPU = Debug|Any CPU
		Release|Any CPU = Release|Any CPU
	EndGlobalSection
	GlobalSection(ProjectConfigurationPlatforms) = postSolution
		{80FB4F65-B77D-4D23-9F72-60F344C318F9}.Debug|Any CPU.ActiveCfg = Debug|Any CPU
		{80FB4F65-B77D-4D23-9F72-60F344C318F9}.Debug|Any CPU.Build.0 = Debug|Any CPU
		{80FB4F65-B77D-4D23-9F72-60F344C318F9}.Release|Any CPU.ActiveCfg = Release|Any CPU
		{80FB4F65-B77D-4D23-9F72-60F344C318F9}.Release|Any CPU.Build.0 = Release|Any CPU
	EndGlobalSection
	GlobalSection(SolutionProperties) = preSolution
		HideSolutionNode = FALSE
	EndGlobalSection
	GlobalSection(ExtensibilityGlobals) = postSolution
		SolutionGuid = {F68359B9-8F0C-4066-8E15-52385624F754}
	EndGlobalSection
EndGlobal
