
Microsoft Visual Studio Solution File, Format Version 12.00
# Visual Studio Version 17
VisualStudioVersion = 17.11.35431.28
MinimumVisualStudioVersion = 10.0.40219.1
Project("{FAE04EC0-301F-11D3-BF4B-00C04F79EFBC}") = "calculatorcli2", "calculatorcli2\calculatorcli2.csproj", "{77005B2F-B5BE-4CB2-B8D8-CE0D1D1AF96E}"
EndProject
Global
	GlobalSection(SolutionConfigurationPlatforms) = preSolution
		Debug|Any CPU = Debug|Any CPU
		Release|Any CPU = Release|Any CPU
	EndGlobalSection
	GlobalSection(ProjectConfigurationPlatforms) = postSolution
		{77005B2F-B5BE-4CB2-B8D8-CE0D1D1AF96E}.Debug|Any CPU.ActiveCfg = Debug|Any CPU
		{77005B2F-B5BE-4CB2-B8D8-CE0D1D1AF96E}.Debug|Any CPU.Build.0 = Debug|Any CPU
		{77005B2F-B5BE-4CB2-B8D8-CE0D1D1AF96E}.Release|Any CPU.ActiveCfg = Release|Any CPU
		{77005B2F-B5BE-4CB2-B8D8-CE0D1D1AF96E}.Release|Any CPU.Build.0 = Release|Any CPU
	EndGlobalSection
	GlobalSection(SolutionProperties) = preSolution
		HideSolutionNode = FALSE
	EndGlobalSection
	GlobalSection(ExtensibilityGlobals) = postSolution
		SolutionGuid = {210A5EB1-9760-48DC-93F8-45CF10ADFA8C}
	EndGlobalSection
EndGlobal
