
Microsoft Visual Studio Solution File, Format Version 12.00
# Visual Studio Version 17
VisualStudioVersion = 17.11.35431.28
MinimumVisualStudioVersion = 10.0.40219.1
Project("{FAE04EC0-301F-11D3-BF4B-00C04F79EFBC}") = "MemoryManagementSystemMAllocFree", "MemoryManagementSystemMAllocFree\MemoryManagementSystemMAllocFree.csproj", "{BF0D70F1-1FDC-4B04-8F2D-827EB7F37421}"
EndProject
Global
	GlobalSection(SolutionConfigurationPlatforms) = preSolution
		Debug|Any CPU = Debug|Any CPU
		Release|Any CPU = Release|Any CPU
	EndGlobalSection
	GlobalSection(ProjectConfigurationPlatforms) = postSolution
		{BF0D70F1-1FDC-4B04-8F2D-827EB7F37421}.Debug|Any CPU.ActiveCfg = Debug|Any CPU
		{BF0D70F1-1FDC-4B04-8F2D-827EB7F37421}.Debug|Any CPU.Build.0 = Debug|Any CPU
		{BF0D70F1-1FDC-4B04-8F2D-827EB7F37421}.Release|Any CPU.ActiveCfg = Release|Any CPU
		{BF0D70F1-1FDC-4B04-8F2D-827EB7F37421}.Release|Any CPU.Build.0 = Release|Any CPU
	EndGlobalSection
	GlobalSection(SolutionProperties) = preSolution
		HideSolutionNode = FALSE
	EndGlobalSection
	GlobalSection(ExtensibilityGlobals) = postSolution
		SolutionGuid = {94981A40-4EE7-44D0-B870-EB53267BA452}
	EndGlobalSection
EndGlobal
