
Microsoft Visual Studio Solution File, Format Version 12.00
# Visual Studio Version 17
VisualStudioVersion = 17.11.35431.28
MinimumVisualStudioVersion = 10.0.40219.1
Project("{FAE04EC0-301F-11D3-BF4B-00C04F79EFBC}") = "ProcessSchedulingSimulator(FCFSOrRROrPriority)", "ProcessSchedulingSimulator(FCFSOrRROrPriority)\ProcessSchedulingSimulator(FCFSOrRROrPriority).csproj", "{C5205BB9-5EC6-4492-94F0-DAAE516B65E0}"
EndProject
Global
	GlobalSection(SolutionConfigurationPlatforms) = preSolution
		Debug|Any CPU = Debug|Any CPU
		Release|Any CPU = Release|Any CPU
	EndGlobalSection
	GlobalSection(ProjectConfigurationPlatforms) = postSolution
		{C5205BB9-5EC6-4492-94F0-DAAE516B65E0}.Debug|Any CPU.ActiveCfg = Debug|Any CPU
		{C5205BB9-5EC6-4492-94F0-DAAE516B65E0}.Debug|Any CPU.Build.0 = Debug|Any CPU
		{C5205BB9-5EC6-4492-94F0-DAAE516B65E0}.Release|Any CPU.ActiveCfg = Release|Any CPU
		{C5205BB9-5EC6-4492-94F0-DAAE516B65E0}.Release|Any CPU.Build.0 = Release|Any CPU
	EndGlobalSection
	GlobalSection(SolutionProperties) = preSolution
		HideSolutionNode = FALSE
	EndGlobalSection
	GlobalSection(ExtensibilityGlobals) = postSolution
		SolutionGuid = {B00F5159-9EF6-45E7-A0FD-7C9475BDEC0B}
	EndGlobalSection
EndGlobal
