
Microsoft Visual Studio Solution File, Format Version 12.00
# Visual Studio Version 17
VisualStudioVersion = 17.11.35431.28
MinimumVisualStudioVersion = 10.0.40219.1
Project("{FAE04EC0-301F-11D3-BF4B-00C04F79EFBC}") = "MemoryManagementSystem", "MemoryManagementSystem\MemoryManagementSystem.csproj", "{EE1F73B9-7B5B-4DF8-AFAE-4F492CE18241}"
EndProject
Global
	GlobalSection(SolutionConfigurationPlatforms) = preSolution
		Debug|Any CPU = Debug|Any CPU
		Release|Any CPU = Release|Any CPU
	EndGlobalSection
	GlobalSection(ProjectConfigurationPlatforms) = postSolution
		{EE1F73B9-7B5B-4DF8-AFAE-4F492CE18241}.Debug|Any CPU.ActiveCfg = Debug|Any CPU
		{EE1F73B9-7B5B-4DF8-AFAE-4F492CE18241}.Debug|Any CPU.Build.0 = Debug|Any CPU
		{EE1F73B9-7B5B-4DF8-AFAE-4F492CE18241}.Release|Any CPU.ActiveCfg = Release|Any CPU
		{EE1F73B9-7B5B-4DF8-AFAE-4F492CE18241}.Release|Any CPU.Build.0 = Release|Any CPU
	EndGlobalSection
	GlobalSection(SolutionProperties) = preSolution
		HideSolutionNode = FALSE
	EndGlobalSection
	GlobalSection(ExtensibilityGlobals) = postSolution
		SolutionGuid = {4B57B15A-BBE0-4F2C-BBEE-7B91300BA5B0}
	EndGlobalSection
EndGlobal
